
Microsoft Visual Studio Solution File, Format Version 12.00
Project("{FAE04EC0-301F-11D3-BF4B-00C04F79EFBC}") = "VoyageIntoDeadlocking", "VoyageIntoDeadlocking\VoyageIntoDeadlocking.csproj", "{83FA020E-933C-49C9-98DF-5710D9EE491D}"
EndProject
Project("{FAE04EC0-301F-11D3-BF4B-00C04F79EFBC}") = "Inheritance.Server", "Inheritance\Inheritance.Server\Inheritance.Server.csproj", "{332F6A2F-1FFE-4670-8E84-180CDA9F13B4}"
EndProject
Project("{2150E333-8FDC-42A3-9474-1A3956D46DE8}") = "Inheritance", "Inheritance", "{09F78557-9D86-4BB9-B871-38D269A350BE}"
EndProject
Project("{FAE04EC0-301F-11D3-BF4B-00C04F79EFBC}") = "Inheritance.Client", "Inheritance\Inheritance.Client\Inheritance.Client.csproj", "{2F90306D-E923-4AFD-B452-DDA285974156}"
EndProject
Project("{FAE04EC0-301F-11D3-BF4B-00C04F79EFBC}") = "Inheritance.Contracts", "Inheritance\Inheritance.Contracts\Inheritance.Contracts.csproj", "{31326B38-CD3A-45C7-8EE9-64A33B5F6AE4}"
EndProject
Global
	GlobalSection(SolutionConfigurationPlatforms) = preSolution
		Debug|Any CPU = Debug|Any CPU
		Release|Any CPU = Release|Any CPU
	EndGlobalSection
	GlobalSection(ProjectConfigurationPlatforms) = postSolution
		{83FA020E-933C-49C9-98DF-5710D9EE491D}.Debug|Any CPU.ActiveCfg = Debug|Any CPU
		{83FA020E-933C-49C9-98DF-5710D9EE491D}.Debug|Any CPU.Build.0 = Debug|Any CPU
		{83FA020E-933C-49C9-98DF-5710D9EE491D}.Release|Any CPU.ActiveCfg = Release|Any CPU
		{83FA020E-933C-49C9-98DF-5710D9EE491D}.Release|Any CPU.Build.0 = Release|Any CPU
		{332F6A2F-1FFE-4670-8E84-180CDA9F13B4}.Debug|Any CPU.ActiveCfg = Debug|Any CPU
		{332F6A2F-1FFE-4670-8E84-180CDA9F13B4}.Debug|Any CPU.Build.0 = Debug|Any CPU
		{332F6A2F-1FFE-4670-8E84-180CDA9F13B4}.Release|Any CPU.ActiveCfg = Release|Any CPU
		{332F6A2F-1FFE-4670-8E84-180CDA9F13B4}.Release|Any CPU.Build.0 = Release|Any CPU
		{2F90306D-E923-4AFD-B452-DDA285974156}.Debug|Any CPU.ActiveCfg = Debug|Any CPU
		{2F90306D-E923-4AFD-B452-DDA285974156}.Debug|Any CPU.Build.0 = Debug|Any CPU
		{2F90306D-E923-4AFD-B452-DDA285974156}.Release|Any CPU.ActiveCfg = Release|Any CPU
		{2F90306D-E923-4AFD-B452-DDA285974156}.Release|Any CPU.Build.0 = Release|Any CPU
		{31326B38-CD3A-45C7-8EE9-64A33B5F6AE4}.Debug|Any CPU.ActiveCfg = Debug|Any CPU
		{31326B38-CD3A-45C7-8EE9-64A33B5F6AE4}.Debug|Any CPU.Build.0 = Debug|Any CPU
		{31326B38-CD3A-45C7-8EE9-64A33B5F6AE4}.Release|Any CPU.ActiveCfg = Release|Any CPU
		{31326B38-CD3A-45C7-8EE9-64A33B5F6AE4}.Release|Any CPU.Build.0 = Release|Any CPU
	EndGlobalSection
	GlobalSection(NestedProjects) = preSolution
		{332F6A2F-1FFE-4670-8E84-180CDA9F13B4} = {09F78557-9D86-4BB9-B871-38D269A350BE}
		{2F90306D-E923-4AFD-B452-DDA285974156} = {09F78557-9D86-4BB9-B871-38D269A350BE}
		{31326B38-CD3A-45C7-8EE9-64A33B5F6AE4} = {09F78557-9D86-4BB9-B871-38D269A350BE}
	EndGlobalSection
EndGlobal
