
Microsoft Visual Studio Solution File, Format Version 12.00
# Visual Studio 15
VisualStudioVersion = 15.0.26430.15
MinimumVisualStudioVersion = 10.0.40219.1
Project("{9A19103F-16F7-4668-BE54-9A1E7A4F7556}") = "WebFrontEnd", "WebFrontEnd\WebFrontEnd.csproj", "{A00272D6-2F4C-4DE4-B1DC-35DB3591ED95}"
EndProject
Project("{FAE04EC0-301F-11D3-BF4B-00C04F79EFBC}") = "GrainInterfaces", "GrainInterfaces\GrainInterfaces.csproj", "{AD6779D7-5442-409A-8286-B9B04E677436}"
EndProject
Project("{FAE04EC0-301F-11D3-BF4B-00C04F79EFBC}") = "Grains", "Grains\Grains.csproj", "{C42DAD49-926D-45F7-92AB-E0B84079EF0F}"
EndProject
Project("{FAE04EC0-301F-11D3-BF4B-00C04F79EFBC}") = "CustomOrleansHost", "CustomOrleansHost\CustomOrleansHost.csproj", "{D9466819-1DC6-45E2-8E55-DF7AC4437DCA}"
EndProject
Project("{9A19103F-16F7-4668-BE54-9A1E7A4F7556}") = "ConsoleTestClient", "ConsoleTestClient\ConsoleTestClient.csproj", "{37163F15-4008-408F-8538-C887DDA0074D}"
EndProject
Global
	GlobalSection(SolutionConfigurationPlatforms) = preSolution
		Debug|Any CPU = Debug|Any CPU
		Release|Any CPU = Release|Any CPU
	EndGlobalSection
	GlobalSection(ProjectConfigurationPlatforms) = postSolution
		{A00272D6-2F4C-4DE4-B1DC-35DB3591ED95}.Debug|Any CPU.ActiveCfg = Debug|Any CPU
		{A00272D6-2F4C-4DE4-B1DC-35DB3591ED95}.Debug|Any CPU.Build.0 = Debug|Any CPU
		{A00272D6-2F4C-4DE4-B1DC-35DB3591ED95}.Release|Any CPU.ActiveCfg = Release|Any CPU
		{A00272D6-2F4C-4DE4-B1DC-35DB3591ED95}.Release|Any CPU.Build.0 = Release|Any CPU
		{AD6779D7-5442-409A-8286-B9B04E677436}.Debug|Any CPU.ActiveCfg = Debug|Any CPU
		{AD6779D7-5442-409A-8286-B9B04E677436}.Debug|Any CPU.Build.0 = Debug|Any CPU
		{AD6779D7-5442-409A-8286-B9B04E677436}.Release|Any CPU.ActiveCfg = Release|Any CPU
		{AD6779D7-5442-409A-8286-B9B04E677436}.Release|Any CPU.Build.0 = Release|Any CPU
		{C42DAD49-926D-45F7-92AB-E0B84079EF0F}.Debug|Any CPU.ActiveCfg = Debug|Any CPU
		{C42DAD49-926D-45F7-92AB-E0B84079EF0F}.Debug|Any CPU.Build.0 = Debug|Any CPU
		{C42DAD49-926D-45F7-92AB-E0B84079EF0F}.Release|Any CPU.ActiveCfg = Release|Any CPU
		{C42DAD49-926D-45F7-92AB-E0B84079EF0F}.Release|Any CPU.Build.0 = Release|Any CPU
		{D9466819-1DC6-45E2-8E55-DF7AC4437DCA}.Debug|Any CPU.ActiveCfg = Debug|Any CPU
		{D9466819-1DC6-45E2-8E55-DF7AC4437DCA}.Debug|Any CPU.Build.0 = Debug|Any CPU
		{D9466819-1DC6-45E2-8E55-DF7AC4437DCA}.Release|Any CPU.ActiveCfg = Release|Any CPU
		{D9466819-1DC6-45E2-8E55-DF7AC4437DCA}.Release|Any CPU.Build.0 = Release|Any CPU
		{37163F15-4008-408F-8538-C887DDA0074D}.Debug|Any CPU.ActiveCfg = Debug|Any CPU
		{37163F15-4008-408F-8538-C887DDA0074D}.Debug|Any CPU.Build.0 = Debug|Any CPU
		{37163F15-4008-408F-8538-C887DDA0074D}.Release|Any CPU.ActiveCfg = Release|Any CPU
		{37163F15-4008-408F-8538-C887DDA0074D}.Release|Any CPU.Build.0 = Release|Any CPU
	EndGlobalSection
	GlobalSection(SolutionProperties) = preSolution
		HideSolutionNode = FALSE
	EndGlobalSection
EndGlobal
